<?xml version="1.0" encoding="utf-8"?>
<Project ToolsVersion="4.0" xmlns="http://schemas.microsoft.com/developer/msbuild/2003">
  <ItemGroup>
    <Filter Include="Source Files">
      <UniqueIdentifier>{4FC737F1-C7A5-4376-A066-2A32D752A2FF}</UniqueIdentifier>
      <Extensions>cpp;c;cc;cxx;def;odl;idl;hpj;bat;asm;asmx</Extensions>
    </Filter>
    <Filter Include="Header Files">
      <UniqueIdentifier>{93995380-89BD-4b04-88EB-625FBE52EBFB}</UniqueIdentifier>
      <Extensions>h;hh;hpp;hxx;hm;inl;inc;xsd</Extensions>
    </Filter>
    <Filter Include="Resource Files">
      <UniqueIdentifier>{67DA6AB6-F800-4c08-8B7A-83BB121AAD01}</UniqueIdentifier>
      <Extensions>rc;ico;cur;bmp;dlg;rc2;rct;bin;rgs;gif;jpg;jpeg;jpe;resx;tiff;tif;png;wav;mfcribbon-ms</Extensions>
    </Filter>
  </ItemGroup>
  <ItemGroup>
    <ClInclude Include="engine\Framework\Graphical.h">
      <Filter>Header Files</Filter>
    </ClInclude>
    <ClInclude Include="engine\MessageBus\Message.h">
      <Filter>Header Files</Filter>
    </ClInclude>
    <ClInclude Include="engine\MessageBus\MessageBus.h">
      <Filter>Header Files</Filter>
    </ClInclude>
    <ClInclude Include="engine\System\EngineSystems.h">
      <Filter>Header Files</Filter>
    </ClInclude>
    <ClInclude Include="engine\System\InputSystem.h">
      <Filter>Header Files</Filter>
    </ClInclude>
    <ClInclude Include="engine\System\RenderSystem.h">
      <Filter>Header Files</Filter>
    </ClInclude>
    <ClInclude Include="engine\System\System.h">
      <Filter>Header Files</Filter>
    </ClInclude>
    <ClInclude Include="engine\SilenceEngine.h">
      <Filter>Header Files</Filter>
    </ClInclude>
    <ClInclude Include="engine\Framework\Framework.h">
      <Filter>Header Files</Filter>
    </ClInclude>
    <ClInclude Include="engine\Tools\Shader\Shader.h">
      <Filter>Header Files</Filter>
    </ClInclude>
    <ClInclude Include="engine\Tools\Math\glm.h">
      <Filter>Header Files</Filter>
    </ClInclude>
    <ClInclude Include="engine\Framework\Entities\GuiEntity.h">
      <Filter>Header Files</Filter>
    </ClInclude>
    <ClInclude Include="engine\Framework\Renderers\GUIRenderer.h">
      <Filter>Header Files</Filter>
    </ClInclude>
    <ClInclude Include="engine\Tools\Texture\Texture.h">
      <Filter>Header Files</Filter>
    </ClInclude>
    <ClInclude Include="engine\Tools\Texture\stb_image.h">
      <Filter>Header Files</Filter>
    </ClInclude>
    <ClInclude Include="engine\ResManager\ResManager.h">
      <Filter>Header Files</Filter>
    </ClInclude>
    <ClInclude Include="engine\Framework\Window\Window.h">
      <Filter>Header Files</Filter>
    </ClInclude>
    <ClInclude Include="game\GameStates\IntroState.h">
      <Filter>Header Files</Filter>
    </ClInclude>
    <ClInclude Include="game\GameComponents\Paddle.h">
      <Filter>Header Files</Filter>
    </ClInclude>
    <ClInclude Include="engine\Tools\Math\Matrix.h">
      <Filter>Header Files</Filter>
    </ClInclude>
    <ClInclude Include="engine\Framework\Renderers\TextRenderer.h">
      <Filter>Header Files</Filter>
    </ClInclude>
    <ClInclude Include="engine\Framework\Text\MetaFile.h">
      <Filter>Header Files</Filter>
    </ClInclude>
    <ClInclude Include="engine\Framework\Text\TextObj.h">
      <Filter>Header Files</Filter>
    </ClInclude>
    <ClInclude Include="engine\GameSkeleton\GameState.h">
      <Filter>Header Files</Filter>
    </ClInclude>
    <ClInclude Include="engine\GameSkeleton\StateManager.h">
      <Filter>Header Files</Filter>
    </ClInclude>
    <ClInclude Include="engine\Framework\Entities\Model.h">
      <Filter>Header Files</Filter>
    </ClInclude>
    <ClInclude Include="engine\Framework\Entities\CubeEntity.h">
      <Filter>Header Files</Filter>
    </ClInclude>
    <ClInclude Include="engine\Framework\Renderers\CubeRenderer.h">
      <Filter>Header Files</Filter>
    </ClInclude>
    <ClInclude Include="minecraftClone\GameStates\TestState.h">
      <Filter>Header Files</Filter>
    </ClInclude>
    <ClInclude Include="engine\Framework\Entities\Camera.h">
      <Filter>Header Files</Filter>
    </ClInclude>
    <ClInclude Include="engine\Framework\Entities\Entity.h">
      <Filter>Header Files</Filter>
    </ClInclude>
    <ClInclude Include="engine\Framework\Entities\Player\Player.h">
      <Filter>Header Files</Filter>
    </ClInclude>
  </ItemGroup>
  <ItemGroup>
    <ClCompile Include="engine\Framework\Graphical.cpp">
      <Filter>Source Files</Filter>
    </ClCompile>
    <ClCompile Include="engine\SilenceEngine.cpp">
      <Filter>Source Files</Filter>
    </ClCompile>
    <ClCompile Include="engine\Tools\Shader\Shader.cpp">
      <Filter>Source Files</Filter>
    </ClCompile>
    <ClCompile Include="engine\Framework\Entities\GuiEntity.cpp">
      <Filter>Source Files</Filter>
    </ClCompile>
    <ClCompile Include="engine\Framework\Renderers\GUIRenderer.cpp">
      <Filter>Source Files</Filter>
    </ClCompile>
    <ClCompile Include="engine\Tools\Texture\Texture.cpp">
      <Filter>Source Files</Filter>
    </ClCompile>
    <ClCompile Include="engine\ResManager\ResManager.cpp">
      <Filter>Source Files</Filter>
    </ClCompile>
    <ClCompile Include="engine\Framework\Window\Window.cpp">
      <Filter>Source Files</Filter>
    </ClCompile>
    <ClCompile Include="engine\System\InputSystem.cpp">
      <Filter>Source Files</Filter>
    </ClCompile>
    <ClCompile Include="game\GameStates\IntroState.cpp">
      <Filter>Source Files</Filter>
    </ClCompile>
    <ClCompile Include="game\GameComponents\Paddle.cpp">
      <Filter>Source Files</Filter>
    </ClCompile>
    <ClCompile Include="engine\Tools\Math\Matrix.cpp">
      <Filter>Source Files</Filter>
    </ClCompile>
    <ClCompile Include="engine\Framework\Renderers\TextRenderer.cpp">
      <Filter>Source Files</Filter>
    </ClCompile>
    <ClCompile Include="engine\Framework\Text\MetaFile.cpp">
      <Filter>Source Files</Filter>
    </ClCompile>
    <ClCompile Include="engine\Framework\Text\TextObj.cpp">
      <Filter>Source Files</Filter>
    </ClCompile>
    <ClCompile Include="engine\GameSkeleton\StateManager.cpp">
      <Filter>Source Files</Filter>
    </ClCompile>
    <ClCompile Include="engine\Framework\Entities\Model.cpp">
      <Filter>Source Files</Filter>
    </ClCompile>
    <ClCompile Include="engine\Framework\Entities\CubeEntity.cpp">
      <Filter>Source Files</Filter>
    </ClCompile>
    <ClCompile Include="engine\Framework\Renderers\CubeRenderer.cpp">
      <Filter>Source Files</Filter>
    </ClCompile>
    <ClCompile Include="game\pong.cpp">
      <Filter>Source Files</Filter>
    </ClCompile>
    <ClCompile Include="minecraftClone\minecraft.cpp">
      <Filter>Source Files</Filter>
    </ClCompile>
    <ClCompile Include="minecraftClone\GameStates\TestState.cpp">
      <Filter>Source Files</Filter>
    </ClCompile>
    <ClCompile Include="engine\Framework\Entities\Camera.cpp">
      <Filter>Source Files</Filter>
    </ClCompile>
    <ClCompile Include="engine\Framework\Entities\Player\Player.cpp">
      <Filter>Source Files</Filter>
    </ClCompile>
  </ItemGroup>
  <ItemGroup>
    <None Include="res\shaders\gui.shader" />
    <None Include="res\shaders\text.shader" />
    <None Include="res\fonts\roboto.fnt" />
    <None Include="res\shaders\basic.shader" />
  </ItemGroup>
  <ItemGroup>
    <Image Include="res\textures\arrow_box.png">
      <Filter>Resource Files</Filter>
    </Image>
    <Image Include="res\textures\gray_bg.png">
      <Filter>Resource Files</Filter>
    </Image>
    <Image Include="res\textures\arrow-right.png">
      <Filter>Resource Files</Filter>
    </Image>
    <Image Include="res\fonts\roboto.png">
      <Filter>Resource Files</Filter>
    </Image>
    <Image Include="res\textures\Test.png">
      <Filter>Resource Files</Filter>
    </Image>
  </ItemGroup>
</Project>